{
  "name": "simplehook-test-hono",
  "lockfileVersion": 3,
  "requires": true,
  "packages": {
    "": {
      "name": "simplehook-test-hono",
      "dependencies": {
        "@hono/node-server": "^1.13.0",
        "@simplehook/hono": "^0.3.0",
        "hono": "^4.0.0"
      }
    },
    "node_modules/@hono/node-server": {
      "version": "1.19.13",
      "resolved": "https://registry.npmjs.org/@hono/node-server/-/node-server-1.19.13.tgz",
      "integrity": "sha512-TsQLe4i2gvoTtrHje625ngThGBySOgSK3Xo2XRYOdqGN1teR8+I7vchQC46uLJi8OF62YTYA3AhSpumtkhsaKQ==",
      "license": "MIT",
      "engines": {
        "node": ">=18.14.1"
      },
      "peerDependencies": {
        "hono": "^4"
      }
    },
    "node_modules/@simplehook/core": {
      "version": "0.2.0",
      "resolved": "https://registry.npmjs.org/@simplehook/core/-/core-0.2.0.tgz",
      "integrity": "sha512-tiXay+rWbVWGzPMPWG6Rfk5fP0Ad5Cdvz4JNqOPvvde9EN78eVVQgJ6+EXnLLsjV517r2kiZKXsSb8s0GH2teg==",
      "license": "MIT",
      "dependencies": {
        "ws": "^8.18.0"
      }
    },
    "node_modules/@simplehook/hono": {
      "version": "0.3.0",
      "resolved": "https://registry.npmjs.org/@simplehook/hono/-/hono-0.3.0.tgz",
      "integrity": "sha512-E/X5Bkpa++ePGn6+ngT4Dk/zPFSTEeyJ/Z9vdX9q+ebHhqWm+1vb8RQbt++yLuzHnAa7dvTvIndJ0zJfjXwUUw==",
      "license": "MIT",
      "dependencies": {
        "@simplehook/core": "^0.2.0",
        "ws": "^8.18.0"
      },
      "peerDependencies": {
        "hono": "^4.0.0"
      }
    },
    "node_modules/hono": {
      "version": "4.12.12",
      "resolved": "https://registry.npmjs.org/hono/-/hono-4.12.12.tgz",
      "integrity": "sha512-p1JfQMKaceuCbpJKAPKVqyqviZdS0eUxH9v82oWo1kb9xjQ5wA6iP3FNVAPDFlz5/p7d45lO+BpSk1tuSZMF4Q==",
      "license": "MIT",
      "peer": true,
      "engines": {
        "node": ">=16.9.0"
      }
    },
    "node_modules/ws": {
      "version": "8.20.0",
      "resolved": "https://registry.npmjs.org/ws/-/ws-8.20.0.tgz",
      "integrity": "sha512-sAt8BhgNbzCtgGbt2OxmpuryO63ZoDk/sqaB/znQm94T4fCEsy/yV+7CdC1kJhOU9lboAEU7R3kquuycDoibVA==",
      "license": "MIT",
      "engines": {
        "node": ">=10.0.0"
      },
      "peerDependencies": {
        "bufferutil": "^4.0.1",
        "utf-8-validate": ">=5.0.2"
      },
      "peerDependenciesMeta": {
        "bufferutil": {
          "optional": true
        },
        "utf-8-validate": {
          "optional": true
        }
      }
    }
  }
}
